Microsoft Visual Studio Solution File, Format Version 12.00
# Visual Studio Version 17
VisualStudioVersion = 17.14.36301.6
MinimumVisualStudioVersion = 10.0.40219.1
Project("{FAE04EC0-301F-11D3-BF4B-00C04F79EFBC}") = "Runic.C.Lexer", "src\Runic.C.Lexer.csproj", "{3395B5A2-FB38-4919-B524-5EA773E50783}"
EndProject
Project("{2150E333-8FDC-42A3-9474-1A3956D46DE8}") = "Build", "Build", "{02EA681E-C7D8-13C7-8484-4AC65E1B71E8}"
EndProject
Project("{2150E333-8FDC-42A3-9474-1A3956D46DE8}") = "Net48", "Net48", "{E375E13B-9291-47F0-884A-3D84DA073A60}"
EndProject
Project("{2150E333-8FDC-42A3-9474-1A3956D46DE8}") = "Net6", "Net6", "{B4788F6A-EFCD-4FD8-AE4F-B61A42CFDD6F}"
EndProject
Project("{2150E333-8FDC-42A3-9474-1A3956D46DE8}") = "Net8", "Net8", "{05F834C3-F641-41E8-8D95-9A24548C38A2}"
EndProject
Project("{FAE04EC0-301F-11D3-BF4B-00C04F79EFBC}") = "Runic.C.Lexer.Net48", "build\net48\Runic.C.Lexer.Net48.csproj", "{5B0EE6E7-769B-4EA6-A894-B2CBCDD3DA00}"
EndProject
Project("{FAE04EC0-301F-11D3-BF4B-00C04F79EFBC}") = "Runic.C.Lexer.Net8", "build\net8\Runic.C.Lexer.Net8.csproj", "{A9906C47-FDEC-4453-B065-DED42B85FB2F}"
EndProject
Project("{FAE04EC0-301F-11D3-BF4B-00C04F79EFBC}") = "Runic.C.Lexer.Net6", "build\net6\Runic.C.Lexer.Net6.csproj", "{C2FD1ED9-A104-4634-829C-F2C29DF48495}"
EndProject
Project("{2150E333-8FDC-42A3-9474-1A3956D46DE8}") = "Nuget", "Nuget", "{0AA18D71-2C6A-446A-96F8-D9335DBF32BA}"
EndProject
Project("{FAE04EC0-301F-11D3-BF4B-00C04F79EFBC}") = "Runic.C.Lexer.Nuget", "build\nuget\Runic.C.Lexer.Nuget.csproj", "{C0462C42-1CE8-4E45-B0D9-F18582A08CF6}"
	ProjectSection(ProjectDependencies) = postProject
		{5B0EE6E7-769B-4EA6-A894-B2CBCDD3DA00} = {5B0EE6E7-769B-4EA6-A894-B2CBCDD3DA00}
		{C2FD1ED9-A104-4634-829C-F2C29DF48495} = {C2FD1ED9-A104-4634-829C-F2C29DF48495}
		{A9906C47-FDEC-4453-B065-DED42B85FB2F} = {A9906C47-FDEC-4453-B065-DED42B85FB2F}
	EndProjectSection
EndProject
Global
	GlobalSection(SolutionConfigurationPlatforms) = preSolution
		Debug|Any CPU = Debug|Any CPU
		Release|Any CPU = Release|Any CPU
	EndGlobalSection
	GlobalSection(ProjectConfigurationPlatforms) = postSolution
		{3395B5A2-FB38-4919-B524-5EA773E50783}.Debug|Any CPU.ActiveCfg = Debug|Any CPU
		{3395B5A2-FB38-4919-B524-5EA773E50783}.Debug|Any CPU.Build.0 = Debug|Any CPU
		{3395B5A2-FB38-4919-B524-5EA773E50783}.Release|Any CPU.ActiveCfg = Release|Any CPU
		{3395B5A2-FB38-4919-B524-5EA773E50783}.Release|Any CPU.Build.0 = Release|Any CPU
		{5B0EE6E7-769B-4EA6-A894-B2CBCDD3DA00}.Debug|Any CPU.ActiveCfg = Debug|Any CPU
		{5B0EE6E7-769B-4EA6-A894-B2CBCDD3DA00}.Debug|Any CPU.Build.0 = Debug|Any CPU
		{5B0EE6E7-769B-4EA6-A894-B2CBCDD3DA00}.Release|Any CPU.ActiveCfg = Release|Any CPU
		{5B0EE6E7-769B-4EA6-A894-B2CBCDD3DA00}.Release|Any CPU.Build.0 = Release|Any CPU
		{A9906C47-FDEC-4453-B065-DED42B85FB2F}.Debug|Any CPU.ActiveCfg = Debug|Any CPU
		{A9906C47-FDEC-4453-B065-DED42B85FB2F}.Debug|Any CPU.Build.0 = Debug|Any CPU
		{A9906C47-FDEC-4453-B065-DED42B85FB2F}.Release|Any CPU.ActiveCfg = Release|Any CPU
		{A9906C47-FDEC-4453-B065-DED42B85FB2F}.Release|Any CPU.Build.0 = Release|Any CPU
		{C2FD1ED9-A104-4634-829C-F2C29DF48495}.Debug|Any CPU.ActiveCfg = Debug|Any CPU
		{C2FD1ED9-A104-4634-829C-F2C29DF48495}.Debug|Any CPU.Build.0 = Debug|Any CPU
		{C2FD1ED9-A104-4634-829C-F2C29DF48495}.Release|Any CPU.ActiveCfg = Release|Any CPU
		{C2FD1ED9-A104-4634-829C-F2C29DF48495}.Release|Any CPU.Build.0 = Release|Any CPU
		{C0462C42-1CE8-4E45-B0D9-F18582A08CF6}.Debug|Any CPU.ActiveCfg = Debug|Any CPU
		{C0462C42-1CE8-4E45-B0D9-F18582A08CF6}.Debug|Any CPU.Build.0 = Debug|Any CPU
		{C0462C42-1CE8-4E45-B0D9-F18582A08CF6}.Release|Any CPU.ActiveCfg = Release|Any CPU
		{C0462C42-1CE8-4E45-B0D9-F18582A08CF6}.Release|Any CPU.Build.0 = Release|Any CPU
	EndGlobalSection
	GlobalSection(SolutionProperties) = preSolution
		HideSolutionNode = FALSE
	EndGlobalSection
	GlobalSection(NestedProjects) = preSolution
		{E375E13B-9291-47F0-884A-3D84DA073A60} = {02EA681E-C7D8-13C7-8484-4AC65E1B71E8}
		{B4788F6A-EFCD-4FD8-AE4F-B61A42CFDD6F} = {02EA681E-C7D8-13C7-8484-4AC65E1B71E8}
		{05F834C3-F641-41E8-8D95-9A24548C38A2} = {02EA681E-C7D8-13C7-8484-4AC65E1B71E8}
		{5B0EE6E7-769B-4EA6-A894-B2CBCDD3DA00} = {E375E13B-9291-47F0-884A-3D84DA073A60}
		{A9906C47-FDEC-4453-B065-DED42B85FB2F} = {05F834C3-F641-41E8-8D95-9A24548C38A2}
		{C2FD1ED9-A104-4634-829C-F2C29DF48495} = {B4788F6A-EFCD-4FD8-AE4F-B61A42CFDD6F}
		{0AA18D71-2C6A-446A-96F8-D9335DBF32BA} = {02EA681E-C7D8-13C7-8484-4AC65E1B71E8}
		{C0462C42-1CE8-4E45-B0D9-F18582A08CF6} = {0AA18D71-2C6A-446A-96F8-D9335DBF32BA}
	EndGlobalSection
	GlobalSection(ExtensibilityGlobals) = postSolution
		SolutionGuid = {330E4302-A9AA-42A8-8811-E37356B21BD2}
	EndGlobalSection
EndGlobal
